
Microsoft Visual Studio Solution File, Format Version 12.00
# Visual Studio 15
VisualStudioVersion = 15.0.28307.1433
MinimumVisualStudioVersion = 10.0.40219.1
Project("{8BC9CEB8-8B4A-11D0-8D11-00A0C91BC942}") = "BJ", "BJ\BJ.vcxproj", "{141A0D68-1186-4718-912D-CFF0A6F9D019}"
EndProject
Global
	GlobalSection(SolutionConfigurationPlatforms) = preSolution
		Debug|x64 = Debug|x64
		Debug|x86 = Debug|x86
		Release|x64 = Release|x64
		Release|x86 = Release|x86
	EndGlobalSection
	GlobalSection(ProjectConfigurationPlatforms) = postSolution
		{141A0D68-1186-4718-912D-CFF0A6F9D019}.Debug|x64.ActiveCfg = Debug|x64
		{141A0D68-1186-4718-912D-CFF0A6F9D019}.Debug|x64.Build.0 = Debug|x64
		{141A0D68-1186-4718-912D-CFF0A6F9D019}.Debug|x86.ActiveCfg = Debug|Win32
		{141A0D68-1186-4718-912D-CFF0A6F9D019}.Debug|x86.Build.0 = Debug|Win32
		{141A0D68-1186-4718-912D-CFF0A6F9D019}.Release|x64.ActiveCfg = Release|x64
		{141A0D68-1186-4718-912D-CFF0A6F9D019}.Release|x64.Build.0 = Release|x64
		{141A0D68-1186-4718-912D-CFF0A6F9D019}.Release|x86.ActiveCfg = Release|Win32
		{141A0D68-1186-4718-912D-CFF0A6F9D019}.Release|x86.Build.0 = Release|Win32
	EndGlobalSection
	GlobalSection(SolutionProperties) = preSolution
		HideSolutionNode = FALSE
	EndGlobalSection
	GlobalSection(ExtensibilityGlobals) = postSolution
		SolutionGuid = {DF7BF976-EC27-4763-962F-11C7DD2C32AF}
	EndGlobalSection
EndGlobal
